
Microsoft Visual Studio Solution File, Format Version 12.00
# Visual Studio Version 16
VisualStudioVersion = 16.0.33529.622
MinimumVisualStudioVersion = 10.0.40219.1
Project("{FAE04EC0-301F-11D3-BF4B-00C04F79EFBC}") = "ExercicioPratico", "ExercicioPratico\ExercicioPratico.csproj", "{B1DC780F-DB4F-4BA7-96EC-44378B5AFD98}"
EndProject
Global
	GlobalSection(SolutionConfigurationPlatforms) = preSolution
		Debug|Any CPU = Debug|Any CPU
		Release|Any CPU = Release|Any CPU
	EndGlobalSection
	GlobalSection(ProjectConfigurationPlatforms) = postSolution
		{B1DC780F-DB4F-4BA7-96EC-44378B5AFD98}.Debug|Any CPU.ActiveCfg = Debug|Any CPU
		{B1DC780F-DB4F-4BA7-96EC-44378B5AFD98}.Debug|Any CPU.Build.0 = Debug|Any CPU
		{B1DC780F-DB4F-4BA7-96EC-44378B5AFD98}.Release|Any CPU.ActiveCfg = Release|Any CPU
		{B1DC780F-DB4F-4BA7-96EC-44378B5AFD98}.Release|Any CPU.Build.0 = Release|Any CPU
	EndGlobalSection
	GlobalSection(SolutionProperties) = preSolution
		HideSolutionNode = FALSE
	EndGlobalSection
	GlobalSection(ExtensibilityGlobals) = postSolution
		SolutionGuid = {B9FC5796-1093-405F-9D3D-8B5075C96F86}
	EndGlobalSection
EndGlobal
